
Microsoft Visual Studio Solution File, Format Version 12.00
# Visual Studio Version 17
VisualStudioVersion = 17.12.35707.178 d17.12
MinimumVisualStudioVersion = 10.0.40219.1
Project("{FAE04EC0-301F-11D3-BF4B-00C04F79EFBC}") = "InternetBank.UI", "InternetBank.UI.csproj", "{250D4B91-E291-43AE-9CBD-B8E515358E29}"
EndProject
Project("{FAE04EC0-301F-11D3-BF4B-00C04F79EFBC}") = "BankingSystem.Core", "..\BankingSystem.Core\BankingSystem.Core.csproj", "{EC1DC74B-1116-41C0-B46C-287A7A722EBF}"
EndProject
Project("{FAE04EC0-301F-11D3-BF4B-00C04F79EFBC}") = "BankingSystem.Infrastructure", "..\Infrastructure\BankingSystem.Infrastructure.csproj", "{EC5442AD-8776-486D-A563-3AE59983BFA2}"
EndProject
Project("{FAE04EC0-301F-11D3-BF4B-00C04F79EFBC}") = "ATM.UI", "..\ATM.UI\ATM.UI.csproj", "{AFDCA3C2-3663-4C51-8535-53CD93F92C5E}"
EndProject
Global
	GlobalSection(SolutionConfigurationPlatforms) = preSolution
		Debug|Any CPU = Debug|Any CPU
		Release|Any CPU = Release|Any CPU
	EndGlobalSection
	GlobalSection(ProjectConfigurationPlatforms) = postSolution
		{250D4B91-E291-43AE-9CBD-B8E515358E29}.Debug|Any CPU.ActiveCfg = Debug|Any CPU
		{250D4B91-E291-43AE-9CBD-B8E515358E29}.Debug|Any CPU.Build.0 = Debug|Any CPU
		{250D4B91-E291-43AE-9CBD-B8E515358E29}.Release|Any CPU.ActiveCfg = Release|Any CPU
		{250D4B91-E291-43AE-9CBD-B8E515358E29}.Release|Any CPU.Build.0 = Release|Any CPU
		{EC1DC74B-1116-41C0-B46C-287A7A722EBF}.Debug|Any CPU.ActiveCfg = Debug|Any CPU
		{EC1DC74B-1116-41C0-B46C-287A7A722EBF}.Debug|Any CPU.Build.0 = Debug|Any CPU
		{EC1DC74B-1116-41C0-B46C-287A7A722EBF}.Release|Any CPU.ActiveCfg = Release|Any CPU
		{EC1DC74B-1116-41C0-B46C-287A7A722EBF}.Release|Any CPU.Build.0 = Release|Any CPU
		{EC5442AD-8776-486D-A563-3AE59983BFA2}.Debug|Any CPU.ActiveCfg = Debug|Any CPU
		{EC5442AD-8776-486D-A563-3AE59983BFA2}.Debug|Any CPU.Build.0 = Debug|Any CPU
		{EC5442AD-8776-486D-A563-3AE59983BFA2}.Release|Any CPU.ActiveCfg = Release|Any CPU
		{EC5442AD-8776-486D-A563-3AE59983BFA2}.Release|Any CPU.Build.0 = Release|Any CPU
		{AFDCA3C2-3663-4C51-8535-53CD93F92C5E}.Debug|Any CPU.ActiveCfg = Debug|Any CPU
		{AFDCA3C2-3663-4C51-8535-53CD93F92C5E}.Debug|Any CPU.Build.0 = Debug|Any CPU
		{AFDCA3C2-3663-4C51-8535-53CD93F92C5E}.Release|Any CPU.ActiveCfg = Release|Any CPU
		{AFDCA3C2-3663-4C51-8535-53CD93F92C5E}.Release|Any CPU.Build.0 = Release|Any CPU
	EndGlobalSection
	GlobalSection(SolutionProperties) = preSolution
		HideSolutionNode = FALSE
	EndGlobalSection
EndGlobal
